// !$*UTF8*$!
{
	archiveVersion = 1;
	classes = {
	};
	objectVersion = 50;
	objects = {

/* Begin PBXBuildFile section */
		CC9616D020A1CCD1004A5769 /* AppDelegate.swift in Sources */ = {isa = PBXBuildFile; fileRef = CC9616CF20A1CCD1004A5769 /* AppDelegate.swift */; };
		CC9616D220A1CCD1004A5769 /* FirstViewController.swift in Sources */ = {isa = PBXBuildFile; fileRef = CC9616D120A1CCD1004A5769 /* FirstViewController.swift */; };
		CC9616D720A1CCD1004A5769 /* Main.storyboard in Resources */ = {isa = PBXBuildFile; fileRef = CC9616D520A1CCD1004A5769 /* Main.storyboard */; };
		CC9616D920A1CCD2004A5769 /* Assets.xcassets in Resources */ = {isa = PBXBuildFile; fileRef = CC9616D820A1CCD2004A5769 /* Assets.xcassets */; };
		CC9616DC20A1CCD2004A5769 /* LaunchScreen.storyboard in Resources */ = {isa = PBXBuildFile; fileRef = CC9616DA20A1CCD2004A5769 /* LaunchScreen.storyboard */; };
		CC9616E420A1DD36004A5769 /* PageViewController.swift in Sources */ = {isa = PBXBuildFile; fileRef = CC9616E320A1DD36004A5769 /* PageViewController.swift */; };
/* End PBXBuildFile section */

/* Begin PBXFileReference section */
		CC9616CC20A1CCD1004A5769 /* ScrumArtifacts.app */ = {isa = PBXFileReference; explicitFileType = wrapper.application; includeInIndex = 0; path = ScrumArtifacts.app; sourceTree = BUILT_PRODUCTS_DIR; };
		CC9616CF20A1CCD1004A5769 /* AppDelegate.swift */ = {isa = PBXFileReference; lastKnownFileType = sourcecode.swift; path = AppDelegate.swift; sourceTree = "<group>"; };
		CC9616D120A1CCD1004A5769 /* FirstViewController.swift */ = {isa = PBXFileReference; lastKnownFileType = sourcecode.swift; path = FirstViewController.swift; sourceTree = "<group>"; };
		CC9616D620A1CCD1004A5769 /* Base */ = {isa = PBXFileReference; lastKnownFileType = file.storyboard; name = Base; path = Base.lproj/Main.storyboard; sourceTree = "<group>"; };
		CC9616D820A1CCD2004A5769 /* Assets.xcassets */ = {isa = PBXFileReference; lastKnownFileType = folder.assetcatalog; path = Assets.xcassets; sourceTree = "<group>"; };
		CC9616DB20A1CCD2004A5769 /* Base */ = {isa = PBXFileReference; lastKnownFileType = file.storyboard; name = Base; path = Base.lproj/LaunchScreen.storyboard; sourceTree = "<group>"; };
		CC9616DD20A1CCD2004A5769 /* Info.plist */ = {isa = PBXFileReference; lastKnownFileType = text.plist.xml; path = Info.plist; sourceTree = "<group>"; };
		CC9616E320A1DD36004A5769 /* PageViewController.swift */ = {isa = PBXFileReference; lastKnownFileType = sourcecode.swift; path = PageViewController.swift; sourceTree = "<group>"; };
/* End PBXFileReference section */

/* Begin PBXFrameworksBuildPhase section */
		CC9616C920A1CCD1004A5769 /* Frameworks */ = {
			isa = PBXFrameworksBuildPhase;
			buildActionMask = 2147483647;
			files = (
			);
			runOnlyForDeploymentPostprocessing = 0;
		};
/* End PBXFrameworksBuildPhase section */

/* Begin PBXGroup section */
		CC9616C320A1CCD1004A5769 = {
			isa = PBXGroup;
			children = (
				CC9616CE20A1CCD1004A5769 /* ScrumArtifacts */,
				CC9616CD20A1CCD1004A5769 /* Products */,
			);
			sourceTree = "<group>";
		};
		CC9616CD20A1CCD1004A5769 /* Products */ = {
			isa = PBXGroup;
			children = (
				CC9616CC20A1CCD1004A5769 /* ScrumArtifacts.app */,
			);
			name = Products;
			sourceTree = "<group>";
		};
		CC9616CE20A1CCD1004A5769 /* ScrumArtifacts */ = {
			isa = PBXGroup;
			children = (
				CC9616CF20A1CCD1004A5769 /* AppDelegate.swift */,
				CC9616D120A1CCD1004A5769 /* FirstViewController.swift */,
				CC9616E320A1DD36004A5769 /* PageViewController.swift */,
				CC9616D520A1CCD1004A5769 /* Main.storyboard */,
				CC9616D820A1CCD2004A5769 /* Assets.xcassets */,
				CC9616DA20A1CCD2004A5769 /* LaunchScreen.storyboard */,
				CC9616DD20A1CCD2004A5769 /* Info.plist */,
			);
			path = ScrumArtifacts;
			sourceTree = "<group>";
		};
/* End PBXGroup section */

/* Begin PBXNativeTarget section */
		CC9616CB20A1CCD1004A5769 /* ScrumArtifacts */ = {
			isa = PBXNativeTarget;
			buildConfigurationList = CC9616E020A1CCD2004A5769 /* Build configuration list for PBXNativeTarget "ScrumArtifacts" */;
			buildPhases = (
				CC9616C820A1CCD1004A5769 /* Sources */,
				CC9616C920A1CCD1004A5769 /* Frameworks */,
				CC9616CA20A1CCD1004A5769 /* Resources */,
			);
			buildRules = (
			);
			dependencies = (
			);
			name = ScrumArtifacts;
			productName = ScrumArtifacts;
			productReference = CC9616CC20A1CCD1004A5769 /* ScrumArtifacts.app */;
			productType = "com.apple.product-type.application";
		};
/* End PBXNativeTarget section */

/* Begin PBXProject section */
		CC9616C420A1CCD1004A5769 /* Project object */ = {
			isa = PBXProject;
			attributes = {
				LastSwiftUpdateCheck = 0930;
				LastUpgradeCheck = 0930;
				ORGANIZATIONNAME = "Falko Möller";
				TargetAttributes = {
					CC9616CB20A1CCD1004A5769 = {
						CreatedOnToolsVersion = 9.3;
					};
				};
			};
			buildConfigurationList = CC9616C720A1CCD1004A5769 /* Build configuration list for PBXProject "ScrumArtifacts" */;
			compatibilityVersion = "Xcode 9.3";
			developmentRegion = en;
			hasScannedForEncodings = 0;
			knownRegions = (
				en,
				Base,
			);
			mainGroup = CC9616C320A1CCD1004A5769;
			productRefGroup = CC9616CD20A1CCD1004A5769 /* Products */;
			projectDirPath = "";
			projectRoot = "";
			targets = (
				CC9616CB20A1CCD1004A5769 /* ScrumArtifacts */,
			);
		};
/* End PBXProject section */

/* Begin PBXResourcesBuildPhase section */
		CC9616CA20A1CCD1004A5769 /* Resources */ = {
			isa = PBXResourcesBuildPhase;
			buildActionMask = 2147483647;
			files = (
				CC9616DC20A1CCD2004A5769 /* LaunchScreen.storyboard in Resources */,
				CC9616D920A1CCD2004A5769 /* Assets.xcassets in Resources */,
				CC9616D720A1CCD1004A5769 /* Main.storyboard in Resources */,
			);
			runOnlyForDeploymentPostprocessing = 0;
		};
/* End PBXResourcesBuildPhase section */

/* Begin PBXSourcesBuildPhase section */
		CC9616C820A1CCD1004A5769 /* Sources */ = {
			isa = PBXSourcesBuildPhase;
			buildActionMask = 2147483647;
			files = (
				CC9616E420A1DD36004A5769 /* PageViewController.swift in Sources */,
				CC9616D020A1CCD1004A5769 /* AppDelegate.swift in Sources */,
				CC9616D220A1CCD1004A5769 /* FirstViewController.swift in Sources */,
			);
			runOnlyForDeploymentPostprocessing = 0;
		};
/* End PBXSourcesBuildPhase section */

/* Begin PBXVariantGroup section */
		CC9616D520A1CCD1004A5769 /* Main.storyboard */ = {
			isa = PBXVariantGroup;
			children = (
				CC9616D620A1CCD1004A5769 /* Base */,
			);
			name = Main.storyboard;
			sourceTree = "<group>";
		};
		CC9616DA20A1CCD2004A5769 /* LaunchScreen.storyboard */ = {
			isa = PBXVariantGroup;
			children = (
				CC9616DB20A1CCD2004A5769 /* Base */,
			);
			name = LaunchScreen.storyboard;
			sourceTree = "<group>";
		};
/* End PBXVariantGroup section */

/* Begin XCBuildConfiguration section */
		CC9616DE20A1CCD2004A5769 /* Debug */ = {
			isa = XCBuildConfiguration;
			buildSettings = {
				ALWAYS_SEARCH_USER_PATHS = NO;
				CLANG_ANALYZER_NONNULL = YES;
				CLANG_ANALYZER_NUMBER_OBJECT_CONVERSION = YES_AGGRESSIVE;
				CLANG_CXX_LANGUAGE_STANDARD = "gnu++14";
				CLANG_CXX_LIBRARY = "libc++";
				CLANG_ENABLE_MODULES = YES;
				CLANG_ENABLE_OBJC_ARC = YES;
				CLANG_ENABLE_OBJC_WEAK = YES;
				CLANG_WARN_BLOCK_CAPTURE_AUTORELEASING = YES;
				CLANG_WARN_BOOL_CONVERSION = YES;
				CLANG_WARN_COMMA = YES;
				CLANG_WARN_CONSTANT_CONVERSION = YES;
				CLANG_WARN_DEPRECATED_OBJC_IMPLEMENTATIONS = YES;
				CLANG_WARN_DIRECT_OBJC_ISA_USAGE = YES_ERROR;
				CLANG_WARN_DOCUMENTATION_COMMENTS = YES;
				CLANG_WARN_EMPTY_BODY = YES;
				CLANG_WARN_ENUM_CONVERSION = YES;
				CLANG_WARN_INFINITE_RECURSION = YES;
				CLANG_WARN_INT_CONVERSION = YES;
				CLANG_WARN_NON_LITERAL_NULL_CONVERSION = YES;
				CLANG_WARN_OBJC_IMPLICIT_RETAIN_SELF = YES;
				CLANG_WARN_OBJC_LITERAL_CONVERSION = YES;
				CLANG_WARN_OBJC_ROOT_CLASS = YES_ERROR;
				CLANG_WARN_RANGE_LOOP_ANALYSIS = YES;
				CLANG_WARN_STRICT_PROTOTYPES = YES;
				CLANG_WARN_SUSPICIOUS_MOVE = YES;
				CLANG_WARN_UNGUARDED_AVAILABILITY = YES_AGGRESSIVE;
				CLANG_WARN_UNREACHABLE_CODE = YES;
				CLANG_WARN__DUPLICATE_METHOD_MATCH = YES;
				CODE_SIGN_IDENTITY = "iPhone Developer";
				COPY_PHASE_STRIP = NO;
				DEBUG_INFORMATION_FORMAT = dwarf;
				ENABLE_STRICT_OBJC_MSGSEND = YES;
				ENABLE_TESTABILITY = YES;
				GCC_C_LANGUAGE_STANDARD = gnu11;
				GCC_DYNAMIC_NO_PIC = NO;
				GCC_NO_COMMON_BLOCKS = YES;
				GCC_OPTIMIZATION_LEVEL = 0;
				GCC_PREPROCESSOR_DEFINITIONS = (
					"DEBUG=1",
					"$(inherited)",
				);
				GCC_WARN_64_TO_32_BIT_CONVERSION = YES;
				GCC_WARN_ABOUT_RETURN_TYPE = YES_ERROR;
				GCC_WARN_UNDECLARED_SELECTOR = YES;
				GCC_WARN_UNINITIALIZED_AUTOS = YES_AGGRESSIVE;
				GCC_WARN_UNUSED_FUNCTION = YES;
				GCC_WARN_UNUSED_VARIABLE = YES;
				IPHONEOS_DEPLOYMENT_TARGET = 11.3;
				MTL_ENABLE_DEBUG_INFO = YES;
				ONLY_ACTIVE_ARCH = YES;
				SDKROOT = iphoneos;
				SWIFT_ACTIVE_COMPILATION_CONDITIONS = DEBUG;
				SWIFT_OPTIMIZATION_LEVEL = "-Onone";
			};
			name = Debug;
		};
		CC9616DF20A1CCD2004A5769 /* Release */ = {
			isa = XCBuildConfiguration;
			buildSettings = {
				ALWAYS_SEARCH_USER_PATHS = NO;
				CLANG_ANALYZER_NONNULL = YES;
				CLANG_ANALYZER_NUMBER_OBJECT_CONVERSION = YES_AGGRESSIVE;
				CLANG_CXX_LANGUAGE_STANDARD = "gnu++14";
				CLANG_CXX_LIBRARY = "libc++";
				CLANG_ENABLE_MODULES = YES;
				CLANG_ENABLE_OBJC_ARC = YES;
				CLANG_ENABLE_OBJC_WEAK = YES;
				CLANG_WARN_BLOCK_CAPTURE_AUTORELEASING = YES;
				CLANG_WARN_BOOL_CONVERSION = YES;
				CLANG_WARN_COMMA = YES;
				CLANG_WARN_CONSTANT_CONVERSION = YES;
				CLANG_WARN_DEPRECATED_OBJC_IMPLEMENTATIONS = YES;
				CLANG_WARN_DIRECT_OBJC_ISA_USAGE = YES_ERROR;
				CLANG_WARN_DOCUMENTATION_COMMENTS = YES;
				CLANG_WARN_EMPTY_BODY = YES;
				CLANG_WARN_ENUM_CONVERSION = YES;
				CLANG_WARN_INFINITE_RECURSION = YES;
				CLANG_WARN_INT_CONVERSION = YES;
				CLANG_WARN_NON_LITERAL_NULL_CONVERSION = YES;
				CLANG_WARN_OBJC_IMPLICIT_RETAIN_SELF = YES;
				CLANG_WARN_OBJC_LITERAL_CONVERSION = YES;
				CLANG_WARN_OBJC_ROOT_CLASS = YES_ERROR;
				CLANG_WARN_RANGE_LOOP_ANALYSIS = YES;
				CLANG_WARN_STRICT_PROTOTYPES = YES;
				CLANG_WARN_SUSPICIOUS_MOVE = YES;
				CLANG_WARN_UNGUARDED_AVAILABILITY = YES_AGGRESSIVE;
				CLANG_WARN_UNREACHABLE_CODE = YES;
				CLANG_WARN__DUPLICATE_METHOD_MATCH = YES;
				CODE_SIGN_IDENTITY = "iPhone Developer";
				COPY_PHASE_STRIP = NO;
				DEBUG_INFORMATION_FORMAT = "dwarf-with-dsym";
				ENABLE_NS_ASSERTIONS = NO;
				ENABLE_STRICT_OBJC_MSGSEND = YES;
				GCC_C_LANGUAGE_STANDARD = gnu11;
				GCC_NO_COMMON_BLOCKS = YES;
				GCC_WARN_64_TO_32_BIT_CONVERSION = YES;
				GCC_WARN_ABOUT_RETURN_TYPE = YES_ERROR;
				GCC_WARN_UNDECLARED_SELECTOR = YES;
				GCC_WARN_UNINITIALIZED_AUTOS = YES_AGGRESSIVE;
				GCC_WARN_UNUSED_FUNCTION = YES;
				GCC_WARN_UNUSED_VARIABLE = YES;
				IPHONEOS_DEPLOYMENT_TARGET = 11.3;
				MTL_ENABLE_DEBUG_INFO = NO;
				SDKROOT = iphoneos;
				SWIFT_COMPILATION_MODE = wholemodule;
				SWIFT_OPTIMIZATION_LEVEL = "-O";
				VALIDATE_PRODUCT = YES;
			};
			name = Release;
		};
		CC9616E120A1CCD2004A5769 /* Debug */ = {
			isa = XCBuildConfiguration;
			buildSettings = {
				ASSETCATALOG_COMPILER_APPICON_NAME = AppIcon;
				CODE_SIGN_STYLE = Automatic;
				INFOPLIST_FILE = ScrumArtifacts/Info.plist;
				LD_RUNPATH_SEARCH_PATHS = (
					"$(inherited)",
					"@executable_path/Frameworks",
				);
				PRODUCT_BUNDLE_IDENTIFIER = com.falkomoeller.ScrumArtifacts;
				PRODUCT_NAME = "$(TARGET_NAME)";
				SWIFT_VERSION = 4.0;
				TARGETED_DEVICE_FAMILY = "1,2";
			};
			name = Debug;
		};
		CC9616E220A1CCD2004A5769 /* Release */ = {
			isa = XCBuildConfiguration;
			buildSettings = {
				ASSETCATALOG_COMPILER_APPICON_NAME = AppIcon;
				CODE_SIGN_STYLE = Automatic;
				INFOPLIST_FILE = ScrumArtifacts/Info.plist;
				LD_RUNPATH_SEARCH_PATHS = (
					"$(inherited)",
					"@executable_path/Frameworks",
				);
				PRODUCT_BUNDLE_IDENTIFIER = com.falkomoeller.ScrumArtifacts;
				PRODUCT_NAME = "$(TARGET_NAME)";
				SWIFT_VERSION = 4.0;
				TARGETED_DEVICE_FAMILY = "1,2";
			};
			name = Release;
		};
/* End XCBuildConfiguration section */

/* Begin XCConfigurationList section */
		CC9616C720A1CCD1004A5769 /* Build configuration list for PBXProject "ScrumArtifacts" */ = {
			isa = XCConfigurationList;
			buildConfigurations = (
				CC9616DE20A1CCD2004A5769 /* Debug */,
				CC9616DF20A1CCD2004A5769 /* Release */,
			);
			defaultConfigurationIsVisible = 0;
			defaultConfigurationName = Release;
		};
		CC9616E020A1CCD2004A5769 /* Build configuration list for PBXNativeTarget "ScrumArtifacts" */ = {
			isa = XCConfigurationList;
			buildConfigurations = (
				CC9616E120A1CCD2004A5769 /* Debug */,
				CC9616E220A1CCD2004A5769 /* Release */,
			);
			defaultConfigurationIsVisible = 0;
			defaultConfigurationName = Release;
		};
/* End XCConfigurationList section */
	};
	rootObject = CC9616C420A1CCD1004A5769 /* Project object */;
}
